// !$*UTF8*$!
{
	archiveVersion = 1;
	classes = {
	};
	objectVersion = 50;
	objects = {

/* Begin PBXBuildFile section */
		D6AF6D66211535FD00AD4296 /* back.png in Resources */ = {isa = PBXBuildFile; fileRef = D6AF6D65211535FD00AD4296 /* back.png */; };
		D6FBF45F20FCC28F005F22F3 /* AppDelegate.swift in Sources */ = {isa = PBXBuildFile; fileRef = D6FBF45E20FCC28F005F22F3 /* AppDelegate.swift */; };
		D6FBF46120FCC28F005F22F3 /* ViewController.swift in Sources */ = {isa = PBXBuildFile; fileRef = D6FBF46020FCC28F005F22F3 /* ViewController.swift */; };
		D6FBF46420FCC28F005F22F3 /* Main.storyboard in Resources */ = {isa = PBXBuildFile; fileRef = D6FBF46220FCC28F005F22F3 /* Main.storyboard */; };
		D6FBF46920FCC290005F22F3 /* LaunchScreen.storyboard in Resources */ = {isa = PBXBuildFile; fileRef = D6FBF46720FCC290005F22F3 /* LaunchScreen.storyboard */; };
		D6FBF47120FD5B4E005F22F3 /* Assets.xcassets in Resources */ = {isa = PBXBuildFile; fileRef = D6FBF47020FD5B4E005F22F3 /* Assets.xcassets */; };
		D6FBF47320FD7434005F22F3 /* MatrixCell.swift in Sources */ = {isa = PBXBuildFile; fileRef = D6FBF47220FD7434005F22F3 /* MatrixCell.swift */; };
/* End PBXBuildFile section */

/* Begin PBXFileReference section */
		D6AF6D65211535FD00AD4296 /* back.png */ = {isa = PBXFileReference; lastKnownFileType = image.png; path = back.png; sourceTree = "<group>"; };
		D6FBF45B20FCC28F005F22F3 /* Matrix!.app */ = {isa = PBXFileReference; explicitFileType = wrapper.application; includeInIndex = 0; path = "Matrix!.app"; sourceTree = BUILT_PRODUCTS_DIR; };
		D6FBF45E20FCC28F005F22F3 /* AppDelegate.swift */ = {isa = PBXFileReference; lastKnownFileType = sourcecode.swift; path = AppDelegate.swift; sourceTree = "<group>"; };
		D6FBF46020FCC28F005F22F3 /* ViewController.swift */ = {isa = PBXFileReference; lastKnownFileType = sourcecode.swift; path = ViewController.swift; sourceTree = "<group>"; };
		D6FBF46320FCC28F005F22F3 /* Base */ = {isa = PBXFileReference; lastKnownFileType = file.storyboard; name = Base; path = Base.lproj/Main.storyboard; sourceTree = "<group>"; };
		D6FBF46820FCC290005F22F3 /* Base */ = {isa = PBXFileReference; lastKnownFileType = file.storyboard; name = Base; path = Base.lproj/LaunchScreen.storyboard; sourceTree = "<group>"; };
		D6FBF46A20FCC290005F22F3 /* Info.plist */ = {isa = PBXFileReference; lastKnownFileType = text.plist.xml; path = Info.plist; sourceTree = "<group>"; };
		D6FBF47020FD5B4E005F22F3 /* Assets.xcassets */ = {isa = PBXFileReference; lastKnownFileType = folder.assetcatalog; path = Assets.xcassets; sourceTree = "<group>"; };
		D6FBF47220FD7434005F22F3 /* MatrixCell.swift */ = {isa = PBXFileReference; lastKnownFileType = sourcecode.swift; path = MatrixCell.swift; sourceTree = "<group>"; };
/* End PBXFileReference section */

/* Begin PBXFrameworksBuildPhase section */
		D6FBF45820FCC28F005F22F3 /* Frameworks */ = {
			isa = PBXFrameworksBuildPhase;
			buildActionMask = 2147483647;
			files = (
			);
			runOnlyForDeploymentPostprocessing = 0;
		};
/* End PBXFrameworksBuildPhase section */

/* Begin PBXGroup section */
		D6FBF45220FCC28F005F22F3 = {
			isa = PBXGroup;
			children = (
				D6FBF45D20FCC28F005F22F3 /* Matrix Calculator */,
				D6FBF45C20FCC28F005F22F3 /* Products */,
			);
			sourceTree = "<group>";
		};
		D6FBF45C20FCC28F005F22F3 /* Products */ = {
			isa = PBXGroup;
			children = (
				D6FBF45B20FCC28F005F22F3 /* Matrix!.app */,
			);
			name = Products;
			sourceTree = "<group>";
		};
		D6FBF45D20FCC28F005F22F3 /* Matrix Calculator */ = {
			isa = PBXGroup;
			children = (
				D6FBF45E20FCC28F005F22F3 /* AppDelegate.swift */,
				D6FBF46020FCC28F005F22F3 /* ViewController.swift */,
				D6FBF47220FD7434005F22F3 /* MatrixCell.swift */,
				D6FBF46220FCC28F005F22F3 /* Main.storyboard */,
				D6FBF47020FD5B4E005F22F3 /* Assets.xcassets */,
				D6AF6D65211535FD00AD4296 /* back.png */,
				D6FBF46720FCC290005F22F3 /* LaunchScreen.storyboard */,
				D6FBF46A20FCC290005F22F3 /* Info.plist */,
			);
			path = "Matrix Calculator";
			sourceTree = "<group>";
		};
/* End PBXGroup section */

/* Begin PBXNativeTarget section */
		D6FBF45A20FCC28F005F22F3 /* Matrix! */ = {
			isa = PBXNativeTarget;
			buildConfigurationList = D6FBF46D20FCC290005F22F3 /* Build configuration list for PBXNativeTarget "Matrix!" */;
			buildPhases = (
				D6FBF45720FCC28F005F22F3 /* Sources */,
				D6FBF45820FCC28F005F22F3 /* Frameworks */,
				D6FBF45920FCC28F005F22F3 /* Resources */,
			);
			buildRules = (
			);
			dependencies = (
			);
			name = "Matrix!";
			productName = "Matrix Calculator";
			productReference = D6FBF45B20FCC28F005F22F3 /* Matrix!.app */;
			productType = "com.apple.product-type.application";
		};
/* End PBXNativeTarget section */

/* Begin PBXProject section */
		D6FBF45320FCC28F005F22F3 /* Project object */ = {
			isa = PBXProject;
			attributes = {
				LastSwiftUpdateCheck = 0940;
				LastUpgradeCheck = 0940;
				ORGANIZATIONNAME = "曹书恒";
				TargetAttributes = {
					D6FBF45A20FCC28F005F22F3 = {
						CreatedOnToolsVersion = 9.4.1;
					};
				};
			};
			buildConfigurationList = D6FBF45620FCC28F005F22F3 /* Build configuration list for PBXProject "Matrix!" */;
			compatibilityVersion = "Xcode 9.3";
			developmentRegion = en;
			hasScannedForEncodings = 0;
			knownRegions = (
				en,
				Base,
			);
			mainGroup = D6FBF45220FCC28F005F22F3;
			productRefGroup = D6FBF45C20FCC28F005F22F3 /* Products */;
			projectDirPath = "";
			projectRoot = "";
			targets = (
				D6FBF45A20FCC28F005F22F3 /* Matrix! */,
			);
		};
/* End PBXProject section */

/* Begin PBXResourcesBuildPhase section */
		D6FBF45920FCC28F005F22F3 /* Resources */ = {
			isa = PBXResourcesBuildPhase;
			buildActionMask = 2147483647;
			files = (
				D6AF6D66211535FD00AD4296 /* back.png in Resources */,
				D6FBF46920FCC290005F22F3 /* LaunchScreen.storyboard in Resources */,
				D6FBF47120FD5B4E005F22F3 /* Assets.xcassets in Resources */,
				D6FBF46420FCC28F005F22F3 /* Main.storyboard in Resources */,
			);
			runOnlyForDeploymentPostprocessing = 0;
		};
/* End PBXResourcesBuildPhase section */

/* Begin PBXSourcesBuildPhase section */
		D6FBF45720FCC28F005F22F3 /* Sources */ = {
			isa = PBXSourcesBuildPhase;
			buildActionMask = 2147483647;
			files = (
				D6FBF46120FCC28F005F22F3 /* ViewController.swift in Sources */,
				D6FBF47320FD7434005F22F3 /* MatrixCell.swift in Sources */,
				D6FBF45F20FCC28F005F22F3 /* AppDelegate.swift in Sources */,
			);
			runOnlyForDeploymentPostprocessing = 0;
		};
/* End PBXSourcesBuildPhase section */

/* Begin PBXVariantGroup section */
		D6FBF46220FCC28F005F22F3 /* Main.storyboard */ = {
			isa = PBXVariantGroup;
			children = (
				D6FBF46320FCC28F005F22F3 /* Base */,
			);
			name = Main.storyboard;
			sourceTree = "<group>";
		};
		D6FBF46720FCC290005F22F3 /* LaunchScreen.storyboard */ = {
			isa = PBXVariantGroup;
			children = (
				D6FBF46820FCC290005F22F3 /* Base */,
			);
			name = LaunchScreen.storyboard;
			sourceTree = "<group>";
		};
/* End PBXVariantGroup section */

/* Begin XCBuildConfiguration section */
		D6FBF46B20FCC290005F22F3 /* Debug */ = {
			isa = XCBuildConfiguration;
			buildSettings = {
				ALWAYS_SEARCH_USER_PATHS = NO;
				CLANG_ANALYZER_NONNULL = YES;
				CLANG_ANALYZER_NUMBER_OBJECT_CONVERSION = YES_AGGRESSIVE;
				CLANG_CXX_LANGUAGE_STANDARD = "gnu++14";
				CLANG_CXX_LIBRARY = "libc++";
				CLANG_ENABLE_MODULES = YES;
				CLANG_ENABLE_OBJC_ARC = YES;
				CLANG_ENABLE_OBJC_WEAK = YES;
				CLANG_WARN_BLOCK_CAPTURE_AUTORELEASING = YES;
				CLANG_WARN_BOOL_CONVERSION = YES;
				CLANG_WARN_COMMA = YES;
				CLANG_WARN_CONSTANT_CONVERSION = YES;
				CLANG_WARN_DEPRECATED_OBJC_IMPLEMENTATIONS = YES;
				CLANG_WARN_DIRECT_OBJC_ISA_USAGE = YES_ERROR;
				CLANG_WARN_DOCUMENTATION_COMMENTS = YES;
				CLANG_WARN_EMPTY_BODY = YES;
				CLANG_WARN_ENUM_CONVERSION = YES;
				CLANG_WARN_INFINITE_RECURSION = YES;
				CLANG_WARN_INT_CONVERSION = YES;
				CLANG_WARN_NON_LITERAL_NULL_CONVERSION = YES;
				CLANG_WARN_OBJC_IMPLICIT_RETAIN_SELF = YES;
				CLANG_WARN_OBJC_LITERAL_CONVERSION = YES;
				CLANG_WARN_OBJC_ROOT_CLASS = YES_ERROR;
				CLANG_WARN_RANGE_LOOP_ANALYSIS = YES;
				CLANG_WARN_STRICT_PROTOTYPES = YES;
				CLANG_WARN_SUSPICIOUS_MOVE = YES;
				CLANG_WARN_UNGUARDED_AVAILABILITY = YES_AGGRESSIVE;
				CLANG_WARN_UNREACHABLE_CODE = YES;
				CLANG_WARN__DUPLICATE_METHOD_MATCH = YES;
				CODE_SIGN_IDENTITY = "iPhone Developer";
				COPY_PHASE_STRIP = NO;
				DEBUG_INFORMATION_FORMAT = dwarf;
				ENABLE_STRICT_OBJC_MSGSEND = YES;
				ENABLE_TESTABILITY = YES;
				GCC_C_LANGUAGE_STANDARD = gnu11;
				GCC_DYNAMIC_NO_PIC = NO;
				GCC_NO_COMMON_BLOCKS = YES;
				GCC_OPTIMIZATION_LEVEL = 0;
				GCC_PREPROCESSOR_DEFINITIONS = (
					"DEBUG=1",
					"$(inherited)",
				);
				GCC_WARN_64_TO_32_BIT_CONVERSION = YES;
				GCC_WARN_ABOUT_RETURN_TYPE = YES_ERROR;
				GCC_WARN_UNDECLARED_SELECTOR = YES;
				GCC_WARN_UNINITIALIZED_AUTOS = YES_AGGRESSIVE;
				GCC_WARN_UNUSED_FUNCTION = YES;
				GCC_WARN_UNUSED_VARIABLE = YES;
				IPHONEOS_DEPLOYMENT_TARGET = 11.4;
				MTL_ENABLE_DEBUG_INFO = YES;
				ONLY_ACTIVE_ARCH = YES;
				SDKROOT = iphoneos;
				SWIFT_ACTIVE_COMPILATION_CONDITIONS = DEBUG;
				SWIFT_OPTIMIZATION_LEVEL = "-Onone";
			};
			name = Debug;
		};
		D6FBF46C20FCC290005F22F3 /* Release */ = {
			isa = XCBuildConfiguration;
			buildSettings = {
				ALWAYS_SEARCH_USER_PATHS = NO;
				CLANG_ANALYZER_NONNULL = YES;
				CLANG_ANALYZER_NUMBER_OBJECT_CONVERSION = YES_AGGRESSIVE;
				CLANG_CXX_LANGUAGE_STANDARD = "gnu++14";
				CLANG_CXX_LIBRARY = "libc++";
				CLANG_ENABLE_MODULES = YES;
				CLANG_ENABLE_OBJC_ARC = YES;
				CLANG_ENABLE_OBJC_WEAK = YES;
				CLANG_WARN_BLOCK_CAPTURE_AUTORELEASING = YES;
				CLANG_WARN_BOOL_CONVERSION = YES;
				CLANG_WARN_COMMA = YES;
				CLANG_WARN_CONSTANT_CONVERSION = YES;
				CLANG_WARN_DEPRECATED_OBJC_IMPLEMENTATIONS = YES;
				CLANG_WARN_DIRECT_OBJC_ISA_USAGE = YES_ERROR;
				CLANG_WARN_DOCUMENTATION_COMMENTS = YES;
				CLANG_WARN_EMPTY_BODY = YES;
				CLANG_WARN_ENUM_CONVERSION = YES;
				CLANG_WARN_INFINITE_RECURSION = YES;
				CLANG_WARN_INT_CONVERSION = YES;
				CLANG_WARN_NON_LITERAL_NULL_CONVERSION = YES;
				CLANG_WARN_OBJC_IMPLICIT_RETAIN_SELF = YES;
				CLANG_WARN_OBJC_LITERAL_CONVERSION = YES;
				CLANG_WARN_OBJC_ROOT_CLASS = YES_ERROR;
				CLANG_WARN_RANGE_LOOP_ANALYSIS = YES;
				CLANG_WARN_STRICT_PROTOTYPES = YES;
				CLANG_WARN_SUSPICIOUS_MOVE = YES;
				CLANG_WARN_UNGUARDED_AVAILABILITY = YES_AGGRESSIVE;
				CLANG_WARN_UNREACHABLE_CODE = YES;
				CLANG_WARN__DUPLICATE_METHOD_MATCH = YES;
				CODE_SIGN_IDENTITY = "iPhone Developer";
				COPY_PHASE_STRIP = NO;
				DEBUG_INFORMATION_FORMAT = "dwarf-with-dsym";
				ENABLE_NS_ASSERTIONS = NO;
				ENABLE_STRICT_OBJC_MSGSEND = YES;
				GCC_C_LANGUAGE_STANDARD = gnu11;
				GCC_NO_COMMON_BLOCKS = YES;
				GCC_WARN_64_TO_32_BIT_CONVERSION = YES;
				GCC_WARN_ABOUT_RETURN_TYPE = YES_ERROR;
				GCC_WARN_UNDECLARED_SELECTOR = YES;
				GCC_WARN_UNINITIALIZED_AUTOS = YES_AGGRESSIVE;
				GCC_WARN_UNUSED_FUNCTION = YES;
				GCC_WARN_UNUSED_VARIABLE = YES;
				IPHONEOS_DEPLOYMENT_TARGET = 11.4;
				MTL_ENABLE_DEBUG_INFO = NO;
				SDKROOT = iphoneos;
				SWIFT_COMPILATION_MODE = wholemodule;
				SWIFT_OPTIMIZATION_LEVEL = "-O";
				VALIDATE_PRODUCT = YES;
			};
			name = Release;
		};
		D6FBF46E20FCC290005F22F3 /* Debug */ = {
			isa = XCBuildConfiguration;
			buildSettings = {
				ASSETCATALOG_COMPILER_APPICON_NAME = AppIcon;
				CODE_SIGN_STYLE = Automatic;
				DEVELOPMENT_TEAM = S5AJR4NY47;
				INFOPLIST_FILE = "Matrix Calculator/Info.plist";
				LD_RUNPATH_SEARCH_PATHS = (
					"$(inherited)",
					"@executable_path/Frameworks",
				);
				PRODUCT_BUNDLE_IDENTIFIER = "MRD.Matrix-Calculator";
				PRODUCT_NAME = "$(TARGET_NAME)";
				SWIFT_VERSION = 4.0;
				TARGETED_DEVICE_FAMILY = "1,2";
			};
			name = Debug;
		};
		D6FBF46F20FCC290005F22F3 /* Release */ = {
			isa = XCBuildConfiguration;
			buildSettings = {
				ASSETCATALOG_COMPILER_APPICON_NAME = AppIcon;
				CODE_SIGN_STYLE = Automatic;
				DEVELOPMENT_TEAM = S5AJR4NY47;
				INFOPLIST_FILE = "Matrix Calculator/Info.plist";
				LD_RUNPATH_SEARCH_PATHS = (
					"$(inherited)",
					"@executable_path/Frameworks",
				);
				PRODUCT_BUNDLE_IDENTIFIER = "MRD.Matrix-Calculator";
				PRODUCT_NAME = "$(TARGET_NAME)";
				SWIFT_VERSION = 4.0;
				TARGETED_DEVICE_FAMILY = "1,2";
			};
			name = Release;
		};
/* End XCBuildConfiguration section */

/* Begin XCConfigurationList section */
		D6FBF45620FCC28F005F22F3 /* Build configuration list for PBXProject "Matrix!" */ = {
			isa = XCConfigurationList;
			buildConfigurations = (
				D6FBF46B20FCC290005F22F3 /* Debug */,
				D6FBF46C20FCC290005F22F3 /* Release */,
			);
			defaultConfigurationIsVisible = 0;
			defaultConfigurationName = Release;
		};
		D6FBF46D20FCC290005F22F3 /* Build configuration list for PBXNativeTarget "Matrix!" */ = {
			isa = XCConfigurationList;
			buildConfigurations = (
				D6FBF46E20FCC290005F22F3 /* Debug */,
				D6FBF46F20FCC290005F22F3 /* Release */,
			);
			defaultConfigurationIsVisible = 0;
			defaultConfigurationName = Release;
		};
/* End XCConfigurationList section */
	};
	rootObject = D6FBF45320FCC28F005F22F3 /* Project object */;
}
